
Microsoft Visual Studio Solution File, Format Version 12.00
# Visual Studio Version 17
VisualStudioVersion = 17.14.36518.9
MinimumVisualStudioVersion = 10.0.40219.1
Project("{FAE04EC0-301F-11D3-BF4B-00C04F79EFBC}") = "Lab3", "Lab3\Lab3.csproj", "{B54FDE3D-46F7-4A0F-8714-FD3F1D56D88E}"
EndProject
Project("{FAE04EC0-301F-11D3-BF4B-00C04F79EFBC}") = "Lab4", "Lab4\Lab4.csproj", "{322FF801-F8B9-4ACB-90CB-22BB5A6907C8}"
EndProject
Project("{FAE04EC0-301F-11D3-BF4B-00C04F79EFBC}") = "Lab5", "Lab5\Lab5.csproj", "{3E806316-58F8-4833-AFB1-1F6365FBAC0C}"
EndProject
Project("{FAE04EC0-301F-11D3-BF4B-00C04F79EFBC}") = "Lab6", "Lab6\Lab6.csproj", "{13FFD446-DCF3-44DA-B076-22D0E4005EC5}"
EndProject
Global
	GlobalSection(SolutionConfigurationPlatforms) = preSolution
		Debug|Any CPU = Debug|Any CPU
		Release|Any CPU = Release|Any CPU
	EndGlobalSection
	GlobalSection(ProjectConfigurationPlatforms) = postSolution
		{B54FDE3D-46F7-4A0F-8714-FD3F1D56D88E}.Debug|Any CPU.ActiveCfg = Debug|Any CPU
		{B54FDE3D-46F7-4A0F-8714-FD3F1D56D88E}.Debug|Any CPU.Build.0 = Debug|Any CPU
		{B54FDE3D-46F7-4A0F-8714-FD3F1D56D88E}.Release|Any CPU.ActiveCfg = Release|Any CPU
		{B54FDE3D-46F7-4A0F-8714-FD3F1D56D88E}.Release|Any CPU.Build.0 = Release|Any CPU
		{322FF801-F8B9-4ACB-90CB-22BB5A6907C8}.Debug|Any CPU.ActiveCfg = Debug|Any CPU
		{322FF801-F8B9-4ACB-90CB-22BB5A6907C8}.Debug|Any CPU.Build.0 = Debug|Any CPU
		{322FF801-F8B9-4ACB-90CB-22BB5A6907C8}.Release|Any CPU.ActiveCfg = Release|Any CPU
		{322FF801-F8B9-4ACB-90CB-22BB5A6907C8}.Release|Any CPU.Build.0 = Release|Any CPU
		{3E806316-58F8-4833-AFB1-1F6365FBAC0C}.Debug|Any CPU.ActiveCfg = Debug|Any CPU
		{3E806316-58F8-4833-AFB1-1F6365FBAC0C}.Debug|Any CPU.Build.0 = Debug|Any CPU
		{3E806316-58F8-4833-AFB1-1F6365FBAC0C}.Release|Any CPU.ActiveCfg = Release|Any CPU
		{3E806316-58F8-4833-AFB1-1F6365FBAC0C}.Release|Any CPU.Build.0 = Release|Any CPU
		{13FFD446-DCF3-44DA-B076-22D0E4005EC5}.Debug|Any CPU.ActiveCfg = Debug|Any CPU
		{13FFD446-DCF3-44DA-B076-22D0E4005EC5}.Debug|Any CPU.Build.0 = Debug|Any CPU
		{13FFD446-DCF3-44DA-B076-22D0E4005EC5}.Release|Any CPU.ActiveCfg = Release|Any CPU
		{13FFD446-DCF3-44DA-B076-22D0E4005EC5}.Release|Any CPU.Build.0 = Release|Any CPU
	EndGlobalSection
	GlobalSection(SolutionProperties) = preSolution
		HideSolutionNode = FALSE
	EndGlobalSection
	GlobalSection(ExtensibilityGlobals) = postSolution
		SolutionGuid = {12411F23-87FA-41F2-B904-65B3A8391A5B}
	EndGlobalSection
EndGlobal
